# This file is automatically @generated by Poetry 1.7.1 and should not be changed by hand.

[[package]]
name = "ipaddr"
version = "2.2.0"
description = "Google's IP address manipulation library"
optional = false
python-versions = "*"
files = [
    {file = "ipaddr-2.2.0.tar.gz", hash = "sha256:4092dfe667588d16aa12b59acb7c8a4024e5dcb23a681cd0b0b602373eca88d6"},
]

[metadata]
lock-version = "2.0"
python-versions = "^3.12"
content-hash = "991d9dff1b74e6c19504111547bf3ce5fa498a0ac9be134c10de9ae2ed3328c0"
